# THIS IS AN AUTOGENERATED FILE. DO NOT EDIT THIS FILE DIRECTLY.
# yarn lockfile v1


clipboard@^1.5.5:
  version "1.7.1"
  resolved "https://registry.yarnpkg.com/clipboard/-/clipboard-1.7.1.tgz#360d6d6946e99a7a1fef395e42ba92b5e9b5a16b"
  integrity sha1-Ng1taUbpmnof7zleQrqStem1oWs=
  dependencies:
    good-listener "^1.2.2"
    select "^1.1.2"
    tiny-emitter "^2.0.0"

delegate@^3.1.2:
  version "3.2.0"
  resolved "https://registry.yarnpkg.com/delegate/-/delegate-3.2.0.tgz#b66b71c3158522e8ab5744f720d8ca0c2af59166"
  integrity sha512-IofjkYBZaZivn0V8nnsMJGBr4jVLxHDheKSW88PyxS5QC4Vo9ZbZVvhzlSxY87fVq3STR6r+4cGepyHkcWOQSw==

emojidex@^0.19.0:
  version "0.19.0"
  resolved "https://registry.yarnpkg.com/emojidex/-/emojidex-0.19.0.tgz#5c74eeaaf44a9c550c6b84052e2cf6b0c7e463de"
  integrity sha512-enAE21q2dwZnkprho4iMoooBp4fzmolKsk3YS3fDmZXIDsuo92YoVIqET8jDg7XprzCHeyZWowvY8tpfE5QeWQ==
  dependencies:
    clipboard "^1.5.5"
    jquery-textcomplete "^1.8.0"
    jquery.caret "^0.3.1"

good-listener@^1.2.2:
  version "1.2.2"
  resolved "https://registry.yarnpkg.com/good-listener/-/good-listener-1.2.2.tgz#d53b30cdf9313dffb7dc9a0d477096aa6d145c50"
  integrity sha1-1TswzfkxPf+33JoNR3CWqm0UXFA=
  dependencies:
    delegate "^3.1.2"

jquery-textcomplete@^1.8.0:
  version "1.8.5"
  resolved "https://registry.yarnpkg.com/jquery-textcomplete/-/jquery-textcomplete-1.8.5.tgz#df9724b42c3af9ece272356a7e8b55cd9cf239dd"
  integrity sha512-WctSUxFk7GF5Tx2gHeVKrpkQ9tsV7mibBJ0AYNwEx+Zx3ZoUQgU5grkBXY3SCqpq/owMAMEvksN96DBSWT4PSg==

jquery.caret@^0.3.1:
  version "0.3.1"
  resolved "https://registry.yarnpkg.com/jquery.caret/-/jquery.caret-0.3.1.tgz#9c093318faf327eff322e826ca9f3241368bc7b8"
  integrity sha1-nAkzGPrzJ+/zIugmyp8yQTaLx7g=

select@^1.1.2:
  version "1.1.2"
  resolved "https://registry.yarnpkg.com/select/-/select-1.1.2.tgz#0e7350acdec80b1108528786ec1d4418d11b396d"
  integrity sha1-DnNQrN7ICxEIUoeG7B1EGNEbOW0=

tiny-emitter@^2.0.0:
  version "2.1.0"
  resolved "https://registry.yarnpkg.com/tiny-emitter/-/tiny-emitter-2.1.0.tgz#1d1a56edfc51c43e863cbb5382a72330e3555423"
  integrity sha512-NB6Dk1A9xgQPMoGqC5CVXn123gWyte215ONT5Pp5a0yt4nlEoO1ZWeCwpncaekPHXO60i47ihFnZPiRPjRMq4Q==
